
Microsoft Visual Studio Solution File, Format Version 12.00
# Visual Studio Version 17
VisualStudioVersion = 17.6.33815.320
MinimumVisualStudioVersion = 10.0.40219.1
Project("{FAE04EC0-301F-11D3-BF4B-00C04F79EFBC}") = "examenTecnico", "examenTecnico\examenTecnico.csproj", "{12C3A35D-193B-4FDF-8455-5EF4C0804063}"
EndProject
Global
	GlobalSection(SolutionConfigurationPlatforms) = preSolution
		Debug|Any CPU = Debug|Any CPU
		Release|Any CPU = Release|Any CPU
	EndGlobalSection
	GlobalSection(ProjectConfigurationPlatforms) = postSolution
		{12C3A35D-193B-4FDF-8455-5EF4C0804063}.Debug|Any CPU.ActiveCfg = Debug|Any CPU
		{12C3A35D-193B-4FDF-8455-5EF4C0804063}.Debug|Any CPU.Build.0 = Debug|Any CPU
		{12C3A35D-193B-4FDF-8455-5EF4C0804063}.Release|Any CPU.ActiveCfg = Release|Any CPU
		{12C3A35D-193B-4FDF-8455-5EF4C0804063}.Release|Any CPU.Build.0 = Release|Any CPU
	EndGlobalSection
	GlobalSection(SolutionProperties) = preSolution
		HideSolutionNode = FALSE
	EndGlobalSection
	GlobalSection(ExtensibilityGlobals) = postSolution
		SolutionGuid = {EF047944-E6D6-4738-A95E-98FDE49E82E6}
	EndGlobalSection
EndGlobal
